PODS:
  - M80AttributedLabel (1.6.3)
  - NIMKit (2.10.0):
    - NIMKit/Lite (= 2.10.0)
  - NIMKit/Core (2.10.0):
    - M80AttributedLabel (~> 1.6.3)
    - SDWebImage (~> 4.2.2)
    - Toast (~> 3.0)
    - TZImagePickerController (~> 1.9.0)
  - NIMKit/Lite (2.10.0):
    - NIMKit/Core
    - NIMSDK_LITE (~> 5.6.0)
  - NIMSDK_LITE (5.6.0)
  - SDWebImage (4.2.3):
    - SDWebImage/Core (= 4.2.3)
  - SDWebImage/Core (4.2.3)
  - Toast (3.1.0)
  - TZImagePickerController (1.9.8)

DEPENDENCIES:
  - NIMKit (from `../`)

SPEC REPOS:
  https://github.com/cocoapods/specs.git:
    - M80AttributedLabel
    - NIMSDK_LITE
    - SDWebImage
    - Toast
    - TZImagePickerController

EXTERNAL SOURCES:
  NIMKit:
    :path: "../"

SPEC CHECKSUMS:
  M80AttributedLabel: d06543195d3e451d2ea62ad76d04aa9cea7661d4
  NIMKit: 6fd95d687b481c311ce78a0e74fc3672366b5972
  NIMSDK_LITE: fdf7216c84c2c3f0aa662ddf6c78728726845fd8
  SDWebImage: 791bb72962b3492327ddcac4b1880bd1b5458431
  Toast: 14a93686d6c8bfe2727afd342414e35660a8a1f3
  TZImagePickerController: 3b9413ae5d049b1fdc5b0c720ad283f35b679a50

PODFILE CHECKSUM: 0ed5a28e3e444a0d9d432dcfe1599c0156b6781f

COCOAPODS: 1.5.3
